PODS:
  - Hero (1.3.0)
  - Reusable (4.0.2):
    - Reusable/Storyboard (= 4.0.2)
    - Reusable/View (= 4.0.2)
  - Reusable/Storyboard (4.0.2)
  - Reusable/View (4.0.2)
  - StarAnimations (0.1.0)

DEPENDENCIES:
  - Hero
  - Reusable
  - StarAnimations (from `/Users/steve/Desktop/StarAnimations`)

SPEC REPOS:
  https://github.com/cocoapods/specs.git:
    - Hero
    - Reusable

EXTERNAL SOURCES:
  StarAnimations:
    :path: "/Users/steve/Desktop/StarAnimations"

SPEC CHECKSUMS:
  Hero: 3eecd3fd62dd2425cbc7e35505c557b86d5a379e
  Reusable: 584a5629747c52e0f6a77841b400dc2643f6fa0f
  StarAnimations: 8548b319f9f25b13ffb59a0d79211ac43240033e

PODFILE CHECKSUM: cf29edfaf070355080e0078b8cd6644f3aa6bd63

COCOAPODS: 1.5.2
