PODS:
  - Reusable (4.0.2):
    - Reusable/Storyboard (= 4.0.2)
    - Reusable/View (= 4.0.2)
  - Reusable/Storyboard (4.0.2)
  - Reusable/View (4.0.2)
  - StarAnimations (0.1.0)

DEPENDENCIES:
  - Reusable
  - StarAnimations (from `/Users/steve/Desktop/StarAnimations`)

SPEC REPOS:
  https://github.com/cocoapods/specs.git:
    - Reusable

EXTERNAL SOURCES:
  StarAnimations:
    :path: "/Users/steve/Desktop/StarAnimations"

SPEC CHECKSUMS:
  Reusable: 584a5629747c52e0f6a77841b400dc2643f6fa0f
  StarAnimations: 8548b319f9f25b13ffb59a0d79211ac43240033e

PODFILE CHECKSUM: 1b78bd000f699ea5d886b3b0ace67adf6e1cf54e

COCOAPODS: 1.5.2
